// !$*UTF8*$!
{
	archiveVersion = 1;
	classes = {
	};
	objectVersion = 50;
	objects = {

/* Begin PBXBuildFile section */
		7847845F6B34800AB247C892 /* Pods_XO_Game.framework in Frameworks */ = {isa = PBXBuildFile; fileRef = C4D73A3A67739EED7EEBB195 /* Pods_XO_Game.framework */; };
		CE9B31BA240C6D6D006777CE /* AppDelegate.swift in Sources */ = {isa = PBXBuildFile; fileRef = CE9B31B9240C6D6D006777CE /* AppDelegate.swift */; };
		CE9B31BE240C6D6D006777CE /* ViewController.swift in Sources */ = {isa = PBXBuildFile; fileRef = CE9B31BD240C6D6D006777CE /* ViewController.swift */; };
		CE9B31C1240C6D6D006777CE /* Main.storyboard in Resources */ = {isa = PBXBuildFile; fileRef = CE9B31BF240C6D6D006777CE /* Main.storyboard */; };
		CE9B31C3240C6D6F006777CE /* Assets.xcassets in Resources */ = {isa = PBXBuildFile; fileRef = CE9B31C2240C6D6F006777CE /* Assets.xcassets */; };
		CE9B31C6240C6D6F006777CE /* LaunchScreen.storyboard in Resources */ = {isa = PBXBuildFile; fileRef = CE9B31C4240C6D6F006777CE /* LaunchScreen.storyboard */; };
/* End PBXBuildFile section */

/* Begin PBXFileReference section */
		636ACB3272B0B4A3C5669622 /* Pods-XO Game.release.xcconfig */ = {isa = PBXFileReference; includeInIndex = 1; lastKnownFileType = text.xcconfig; name = "Pods-XO Game.release.xcconfig"; path = "Target Support Files/Pods-XO Game/Pods-XO Game.release.xcconfig"; sourceTree = "<group>"; };
		BB5F9C6A741CE20D4F6C91E6 /* Pods-XO Game.debug.xcconfig */ = {isa = PBXFileReference; includeInIndex = 1; lastKnownFileType = text.xcconfig; name = "Pods-XO Game.debug.xcconfig"; path = "Target Support Files/Pods-XO Game/Pods-XO Game.debug.xcconfig"; sourceTree = "<group>"; };
		C4D73A3A67739EED7EEBB195 /* Pods_XO_Game.framework */ = {isa = PBXFileReference; explicitFileType = wrapper.framework; includeInIndex = 0; path = Pods_XO_Game.framework; sourceTree = BUILT_PRODUCTS_DIR; };
		CE9B31B6240C6D6D006777CE /* XO Game.app */ = {isa = PBXFileReference; explicitFileType = wrapper.application; includeInIndex = 0; path = "XO Game.app"; sourceTree = BUILT_PRODUCTS_DIR; };
		CE9B31B9240C6D6D006777CE /* AppDelegate.swift */ = {isa = PBXFileReference; lastKnownFileType = sourcecode.swift; path = AppDelegate.swift; sourceTree = "<group>"; };
		CE9B31BD240C6D6D006777CE /* ViewController.swift */ = {isa = PBXFileReference; lastKnownFileType = sourcecode.swift; path = ViewController.swift; sourceTree = "<group>"; };
		CE9B31C0240C6D6D006777CE /* Base */ = {isa = PBXFileReference; lastKnownFileType = file.storyboard; name = Base; path = Base.lproj/Main.storyboard; sourceTree = "<group>"; };
		CE9B31C2240C6D6F006777CE /* Assets.xcassets */ = {isa = PBXFileReference; lastKnownFileType = folder.assetcatalog; path = Assets.xcassets; sourceTree = "<group>"; };
		CE9B31C5240C6D6F006777CE /* Base */ = {isa = PBXFileReference; lastKnownFileType = file.storyboard; name = Base; path = Base.lproj/LaunchScreen.storyboard; sourceTree = "<group>"; };
		CE9B31C7240C6D6F006777CE /* Info.plist */ = {isa = PBXFileReference; lastKnownFileType = text.plist.xml; path = Info.plist; sourceTree = "<group>"; };
/* End PBXFileReference section */

/* Begin PBXFrameworksBuildPhase section */
		CE9B31B3240C6D6D006777CE /* Frameworks */ = {
			isa = PBXFrameworksBuildPhase;
			buildActionMask = 2147483647;
			files = (
				7847845F6B34800AB247C892 /* Pods_XO_Game.framework in Frameworks */,
			);
			runOnlyForDeploymentPostprocessing = 0;
		};
/* End PBXFrameworksBuildPhase section */

/* Begin PBXGroup section */
		7AB66F287E791CA7262BDE33 /* Frameworks */ = {
			isa = PBXGroup;
			children = (
				C4D73A3A67739EED7EEBB195 /* Pods_XO_Game.framework */,
			);
			name = Frameworks;
			sourceTree = "<group>";
		};
		CE9B31AD240C6D6D006777CE = {
			isa = PBXGroup;
			children = (
				CE9B31B8240C6D6D006777CE /* XO Game */,
				CE9B31B7240C6D6D006777CE /* Products */,
				F1274E7A6ED083744118EDA7 /* Pods */,
				7AB66F287E791CA7262BDE33 /* Frameworks */,
			);
			sourceTree = "<group>";
		};
		CE9B31B7240C6D6D006777CE /* Products */ = {
			isa = PBXGroup;
			children = (
				CE9B31B6240C6D6D006777CE /* XO Game.app */,
			);
			name = Products;
			sourceTree = "<group>";
		};
		CE9B31B8240C6D6D006777CE /* XO Game */ = {
			isa = PBXGroup;
			children = (
				CE9B31B9240C6D6D006777CE /* AppDelegate.swift */,
				CE9B31BD240C6D6D006777CE /* ViewController.swift */,
				CE9B31BF240C6D6D006777CE /* Main.storyboard */,
				CE9B31C2240C6D6F006777CE /* Assets.xcassets */,
				CE9B31C4240C6D6F006777CE /* LaunchScreen.storyboard */,
				CE9B31C7240C6D6F006777CE /* Info.plist */,
			);
			path = "XO Game";
			sourceTree = "<group>";
		};
		F1274E7A6ED083744118EDA7 /* Pods */ = {
			isa = PBXGroup;
			children = (
				BB5F9C6A741CE20D4F6C91E6 /* Pods-XO Game.debug.xcconfig */,
				636ACB3272B0B4A3C5669622 /* Pods-XO Game.release.xcconfig */,
			);
			name = Pods;
			path = Pods;
			sourceTree = "<group>";
		};
/* End PBXGroup section */

/* Begin PBXNativeTarget section */
		CE9B31B5240C6D6D006777CE /* XO Game */ = {
			isa = PBXNativeTarget;
			buildConfigurationList = CE9B31CA240C6D6F006777CE /* Build configuration list for PBXNativeTarget "XO Game" */;
			buildPhases = (
				34F87F62E44DF314C57A97D7 /* [CP] Check Pods Manifest.lock */,
				CE9B31B2240C6D6D006777CE /* Sources */,
				CE9B31B3240C6D6D006777CE /* Frameworks */,
				CE9B31B4240C6D6D006777CE /* Resources */,
				CEE693596B3504F86777CC68 /* [CP] Embed Pods Frameworks */,
			);
			buildRules = (
			);
			dependencies = (
			);
			name = "XO Game";
			productName = "XO Game";
			productReference = CE9B31B6240C6D6D006777CE /* XO Game.app */;
			productType = "com.apple.product-type.application";
		};
/* End PBXNativeTarget section */

/* Begin PBXProject section */
		CE9B31AE240C6D6D006777CE /* Project object */ = {
			isa = PBXProject;
			attributes = {
				LastSwiftUpdateCheck = 1130;
				LastUpgradeCheck = 1130;
				ORGANIZATIONNAME = User;
				TargetAttributes = {
					CE9B31B5240C6D6D006777CE = {
						CreatedOnToolsVersion = 11.3.1;
					};
				};
			};
			buildConfigurationList = CE9B31B1240C6D6D006777CE /* Build configuration list for PBXProject "XO Game" */;
			compatibilityVersion = "Xcode 9.3";
			developmentRegion = en;
			hasScannedForEncodings = 0;
			knownRegions = (
				en,
				Base,
			);
			mainGroup = CE9B31AD240C6D6D006777CE;
			productRefGroup = CE9B31B7240C6D6D006777CE /* Products */;
			projectDirPath = "";
			projectRoot = "";
			targets = (
				CE9B31B5240C6D6D006777CE /* XO Game */,
			);
		};
/* End PBXProject section */

/* Begin PBXResourcesBuildPhase section */
		CE9B31B4240C6D6D006777CE /* Resources */ = {
			isa = PBXResourcesBuildPhase;
			buildActionMask = 2147483647;
			files = (
				CE9B31C6240C6D6F006777CE /* LaunchScreen.storyboard in Resources */,
				CE9B31C3240C6D6F006777CE /* Assets.xcassets in Resources */,
				CE9B31C1240C6D6D006777CE /* Main.storyboard in Resources */,
			);
			runOnlyForDeploymentPostprocessing = 0;
		};
/* End PBXResourcesBuildPhase section */

/* Begin PBXShellScriptBuildPhase section */
		34F87F62E44DF314C57A97D7 /* [CP] Check Pods Manifest.lock */ = {
			isa = PBXShellScriptBuildPhase;
			buildActionMask = 2147483647;
			files = (
			);
			inputFileListPaths = (
			);
			inputPaths = (
				"${PODS_PODFILE_DIR_PATH}/Podfile.lock",
				"${PODS_ROOT}/Manifest.lock",
			);
			name = "[CP] Check Pods Manifest.lock";
			outputFileListPaths = (
			);
			outputPaths = (
				"$(DERIVED_FILE_DIR)/Pods-XO Game-checkManifestLockResult.txt",
			);
			runOnlyForDeploymentPostprocessing = 0;
			shellPath = /bin/sh;
			shellScript = "diff \"${PODS_PODFILE_DIR_PATH}/Podfile.lock\" \"${PODS_ROOT}/Manifest.lock\" > /dev/null\nif [ $? != 0 ] ; then\n    # print error to STDERR\n    echo \"error: The sandbox is not in sync with the Podfile.lock. Run 'pod install' or update your CocoaPods installation.\" >&2\n    exit 1\nfi\n# This output is used by Xcode 'outputs' to avoid re-running this script phase.\necho \"SUCCESS\" > \"${SCRIPT_OUTPUT_FILE_0}\"\n";
			showEnvVarsInLog = 0;
		};
		CEE693596B3504F86777CC68 /* [CP] Embed Pods Frameworks */ = {
			isa = PBXShellScriptBuildPhase;
			buildActionMask = 2147483647;
			files = (
			);
			inputFileListPaths = (
				"${PODS_ROOT}/Target Support Files/Pods-XO Game/Pods-XO Game-frameworks-${CONFIGURATION}-input-files.xcfilelist",
			);
			name = "[CP] Embed Pods Frameworks";
			outputFileListPaths = (
				"${PODS_ROOT}/Target Support Files/Pods-XO Game/Pods-XO Game-frameworks-${CONFIGURATION}-output-files.xcfilelist",
			);
			runOnlyForDeploymentPostprocessing = 0;
			shellPath = /bin/sh;
			shellScript = "\"${PODS_ROOT}/Target Support Files/Pods-XO Game/Pods-XO Game-frameworks.sh\"\n";
			showEnvVarsInLog = 0;
		};
/* End PBXShellScriptBuildPhase section */

/* Begin PBXSourcesBuildPhase section */
		CE9B31B2240C6D6D006777CE /* Sources */ = {
			isa = PBXSourcesBuildPhase;
			buildActionMask = 2147483647;
			files = (
				CE9B31BE240C6D6D006777CE /* ViewController.swift in Sources */,
				CE9B31BA240C6D6D006777CE /* AppDelegate.swift in Sources */,
			);
			runOnlyForDeploymentPostprocessing = 0;
		};
/* End PBXSourcesBuildPhase section */

/* Begin PBXVariantGroup section */
		CE9B31BF240C6D6D006777CE /* Main.storyboard */ = {
			isa = PBXVariantGroup;
			children = (
				CE9B31C0240C6D6D006777CE /* Base */,
			);
			name = Main.storyboard;
			sourceTree = "<group>";
		};
		CE9B31C4240C6D6F006777CE /* LaunchScreen.storyboard */ = {
			isa = PBXVariantGroup;
			children = (
				CE9B31C5240C6D6F006777CE /* Base */,
			);
			name = LaunchScreen.storyboard;
			sourceTree = "<group>";
		};
/* End PBXVariantGroup section */

/* Begin XCBuildConfiguration section */
		CE9B31C8240C6D6F006777CE /* Debug */ = {
			isa = XCBuildConfiguration;
			buildSettings = {
				ALWAYS_SEARCH_USER_PATHS = NO;
				CLANG_ANALYZER_NONNULL = YES;
				CLANG_ANALYZER_NUMBER_OBJECT_CONVERSION = YES_AGGRESSIVE;
				CLANG_CXX_LANGUAGE_STANDARD = "gnu++14";
				CLANG_CXX_LIBRARY = "libc++";
				CLANG_ENABLE_MODULES = YES;
				CLANG_ENABLE_OBJC_ARC = YES;
				CLANG_ENABLE_OBJC_WEAK = YES;
				CLANG_WARN_BLOCK_CAPTURE_AUTORELEASING = YES;
				CLANG_WARN_BOOL_CONVERSION = YES;
				CLANG_WARN_COMMA = YES;
				CLANG_WARN_CONSTANT_CONVERSION = YES;
				CLANG_WARN_DEPRECATED_OBJC_IMPLEMENTATIONS = YES;
				CLANG_WARN_DIRECT_OBJC_ISA_USAGE = YES_ERROR;
				CLANG_WARN_DOCUMENTATION_COMMENTS = YES;
				CLANG_WARN_EMPTY_BODY = YES;
				CLANG_WARN_ENUM_CONVERSION = YES;
				CLANG_WARN_INFINITE_RECURSION = YES;
				CLANG_WARN_INT_CONVERSION = YES;
				CLANG_WARN_NON_LITERAL_NULL_CONVERSION = YES;
				CLANG_WARN_OBJC_IMPLICIT_RETAIN_SELF = YES;
				CLANG_WARN_OBJC_LITERAL_CONVERSION = YES;
				CLANG_WARN_OBJC_ROOT_CLASS = YES_ERROR;
				CLANG_WARN_RANGE_LOOP_ANALYSIS = YES;
				CLANG_WARN_STRICT_PROTOTYPES = YES;
				CLANG_WARN_SUSPICIOUS_MOVE = YES;
				CLANG_WARN_UNGUARDED_AVAILABILITY = YES_AGGRESSIVE;
				CLANG_WARN_UNREACHABLE_CODE = YES;
				CLANG_WARN__DUPLICATE_METHOD_MATCH = YES;
				COPY_PHASE_STRIP = NO;
				DEBUG_INFORMATION_FORMAT = dwarf;
				ENABLE_STRICT_OBJC_MSGSEND = YES;
				ENABLE_TESTABILITY = YES;
				GCC_C_LANGUAGE_STANDARD = gnu11;
				GCC_DYNAMIC_NO_PIC = NO;
				GCC_NO_COMMON_BLOCKS = YES;
				GCC_OPTIMIZATION_LEVEL = 0;
				GCC_PREPROCESSOR_DEFINITIONS = (
					"DEBUG=1",
					"$(inherited)",
				);
				GCC_WARN_64_TO_32_BIT_CONVERSION = YES;
				GCC_WARN_ABOUT_RETURN_TYPE = YES_ERROR;
				GCC_WARN_UNDECLARED_SELECTOR = YES;
				GCC_WARN_UNINITIALIZED_AUTOS = YES_AGGRESSIVE;
				GCC_WARN_UNUSED_FUNCTION = YES;
				GCC_WARN_UNUSED_VARIABLE = YES;
				IPHONEOS_DEPLOYMENT_TARGET = 13.2;
				MTL_ENABLE_DEBUG_INFO = INCLUDE_SOURCE;
				MTL_FAST_MATH = YES;
				ONLY_ACTIVE_ARCH = YES;
				SDKROOT = iphoneos;
				SWIFT_ACTIVE_COMPILATION_CONDITIONS = DEBUG;
				SWIFT_OPTIMIZATION_LEVEL = "-Onone";
			};
			name = Debug;
		};
		CE9B31C9240C6D6F006777CE /* Release */ = {
			isa = XCBuildConfiguration;
			buildSettings = {
				ALWAYS_SEARCH_USER_PATHS = NO;
				CLANG_ANALYZER_NONNULL = YES;
				CLANG_ANALYZER_NUMBER_OBJECT_CONVERSION = YES_AGGRESSIVE;
				CLANG_CXX_LANGUAGE_STANDARD = "gnu++14";
				CLANG_CXX_LIBRARY = "libc++";
				CLANG_ENABLE_MODULES = YES;
				CLANG_ENABLE_OBJC_ARC = YES;
				CLANG_ENABLE_OBJC_WEAK = YES;
				CLANG_WARN_BLOCK_CAPTURE_AUTORELEASING = YES;
				CLANG_WARN_BOOL_CONVERSION = YES;
				CLANG_WARN_COMMA = YES;
				CLANG_WARN_CONSTANT_CONVERSION = YES;
				CLANG_WARN_DEPRECATED_OBJC_IMPLEMENTATIONS = YES;
				CLANG_WARN_DIRECT_OBJC_ISA_USAGE = YES_ERROR;
				CLANG_WARN_DOCUMENTATION_COMMENTS = YES;
				CLANG_WARN_EMPTY_BODY = YES;
				CLANG_WARN_ENUM_CONVERSION = YES;
				CLANG_WARN_INFINITE_RECURSION = YES;
				CLANG_WARN_INT_CONVERSION = YES;
				CLANG_WARN_NON_LITERAL_NULL_CONVERSION = YES;
				CLANG_WARN_OBJC_IMPLICIT_RETAIN_SELF = YES;
				CLANG_WARN_OBJC_LITERAL_CONVERSION = YES;
				CLANG_WARN_OBJC_ROOT_CLASS = YES_ERROR;
				CLANG_WARN_RANGE_LOOP_ANALYSIS = YES;
				CLANG_WARN_STRICT_PROTOTYPES = YES;
				CLANG_WARN_SUSPICIOUS_MOVE = YES;
				CLANG_WARN_UNGUARDED_AVAILABILITY = YES_AGGRESSIVE;
				CLANG_WARN_UNREACHABLE_CODE = YES;
				CLANG_WARN__DUPLICATE_METHOD_MATCH = YES;
				COPY_PHASE_STRIP = NO;
				DEBUG_INFORMATION_FORMAT = "dwarf-with-dsym";
				ENABLE_NS_ASSERTIONS = NO;
				ENABLE_STRICT_OBJC_MSGSEND = YES;
				GCC_C_LANGUAGE_STANDARD = gnu11;
				GCC_NO_COMMON_BLOCKS = YES;
				GCC_WARN_64_TO_32_BIT_CONVERSION = YES;
				GCC_WARN_ABOUT_RETURN_TYPE = YES_ERROR;
				GCC_WARN_UNDECLARED_SELECTOR = YES;
				GCC_WARN_UNINITIALIZED_AUTOS = YES_AGGRESSIVE;
				GCC_WARN_UNUSED_FUNCTION = YES;
				GCC_WARN_UNUSED_VARIABLE = YES;
				IPHONEOS_DEPLOYMENT_TARGET = 13.2;
				MTL_ENABLE_DEBUG_INFO = NO;
				MTL_FAST_MATH = YES;
				SDKROOT = iphoneos;
				SWIFT_COMPILATION_MODE = wholemodule;
				SWIFT_OPTIMIZATION_LEVEL = "-O";
				VALIDATE_PRODUCT = YES;
			};
			name = Release;
		};
		CE9B31CB240C6D6F006777CE /* Debug */ = {
			isa = XCBuildConfiguration;
			baseConfigurationReference = BB5F9C6A741CE20D4F6C91E6 /* Pods-XO Game.debug.xcconfig */;
			buildSettings = {
				ASSETCATALOG_COMPILER_APPICON_NAME = AppIcon;
				CODE_SIGN_STYLE = Automatic;
				DEVELOPMENT_TEAM = 6ZZ5YDZA7Z;
				INFOPLIST_FILE = "XO Game/Info.plist";
				IPHONEOS_DEPLOYMENT_TARGET = 9.3;
				LD_RUNPATH_SEARCH_PATHS = (
					"$(inherited)",
					"@executable_path/Frameworks",
				);
				PRODUCT_BUNDLE_IDENTIFIER = "IsaacKaram.XO-Game";
				PRODUCT_NAME = "$(TARGET_NAME)";
				SWIFT_VERSION = 5.0;
				TARGETED_DEVICE_FAMILY = "1,2";
			};
			name = Debug;
		};
		CE9B31CC240C6D6F006777CE /* Release */ = {
			isa = XCBuildConfiguration;
			baseConfigurationReference = 636ACB3272B0B4A3C5669622 /* Pods-XO Game.release.xcconfig */;
			buildSettings = {
				ASSETCATALOG_COMPILER_APPICON_NAME = AppIcon;
				CODE_SIGN_STYLE = Automatic;
				DEVELOPMENT_TEAM = 6ZZ5YDZA7Z;
				INFOPLIST_FILE = "XO Game/Info.plist";
				IPHONEOS_DEPLOYMENT_TARGET = 9.3;
				LD_RUNPATH_SEARCH_PATHS = (
					"$(inherited)",
					"@executable_path/Frameworks",
				);
				PRODUCT_BUNDLE_IDENTIFIER = "IsaacKaram.XO-Game";
				PRODUCT_NAME = "$(TARGET_NAME)";
				SWIFT_VERSION = 5.0;
				TARGETED_DEVICE_FAMILY = "1,2";
			};
			name = Release;
		};
/* End XCBuildConfiguration section */

/* Begin XCConfigurationList section */
		CE9B31B1240C6D6D006777CE /* Build configuration list for PBXProject "XO Game" */ = {
			isa = XCConfigurationList;
			buildConfigurations = (
				CE9B31C8240C6D6F006777CE /* Debug */,
				CE9B31C9240C6D6F006777CE /* Release */,
			);
			defaultConfigurationIsVisible = 0;
			defaultConfigurationName = Release;
		};
		CE9B31CA240C6D6F006777CE /* Build configuration list for PBXNativeTarget "XO Game" */ = {
			isa = XCConfigurationList;
			buildConfigurations = (
				CE9B31CB240C6D6F006777CE /* Debug */,
				CE9B31CC240C6D6F006777CE /* Release */,
			);
			defaultConfigurationIsVisible = 0;
			defaultConfigurationName = Release;
		};
/* End XCConfigurationList section */
	};
	rootObject = CE9B31AE240C6D6D006777CE /* Project object */;
}
